
Microsoft Visual Studio Solution File, Format Version 12.00
# Visual Studio 15
VisualStudioVersion = 15.0.27428.2037
MinimumVisualStudioVersion = 10.0.40219.1
Project("{FAE04EC0-301F-11D3-BF4B-00C04F79EFBC}") = "MyNewTest.Android", "MyNewTest\MyNewTest.Android\MyNewTest.Android.csproj", "{3F82C610-82D7-4057-AEFB-508972F00525}"
EndProject
Project("{FAE04EC0-301F-11D3-BF4B-00C04F79EFBC}") = "MyNewTest.iOS", "MyNewTest\MyNewTest.iOS\MyNewTest.iOS.csproj", "{69B15A8D-53BC-4850-A9D0-9AEAFE721515}"
EndProject
Project("{FAE04EC0-301F-11D3-BF4B-00C04F79EFBC}") = "MyNewTest.UWP", "MyNewTest\MyNewTest.UWP\MyNewTest.UWP.csproj", "{92EDF850-D647-4A3C-82BA-FA2C8AEF246F}"
EndProject
Project("{FAE04EC0-301F-11D3-BF4B-00C04F79EFBC}") = "MyNewTest", "MyNewTest\MyNewTest\MyNewTest.csproj", "{C539BD04-F4F3-4186-92A6-F89596F0BEAE}"
EndProject
Global
	GlobalSection(SolutionConfigurationPlatforms) = preSolution
		Ad-Hoc|Any CPU = Ad-Hoc|Any CPU
		Ad-Hoc|ARM = Ad-Hoc|ARM
		Ad-Hoc|iPhone = Ad-Hoc|iPhone
		Ad-Hoc|iPhoneSimulator = Ad-Hoc|iPhoneSimulator
		Ad-Hoc|x64 = Ad-Hoc|x64
		Ad-Hoc|x86 = Ad-Hoc|x86
		AppStore|Any CPU = AppStore|Any CPU
		AppStore|ARM = AppStore|ARM
		AppStore|iPhone = AppStore|iPhone
		AppStore|iPhoneSimulator = AppStore|iPhoneSimulator
		AppStore|x64 = AppStore|x64
		AppStore|x86 = AppStore|x86
		Debug|Any CPU = Debug|Any CPU
		Debug|ARM = Debug|ARM
		Debug|iPhone = Debug|iPhone
		Debug|iPhoneSimulator = Debug|iPhoneSimulator
		Debug|x64 = Debug|x64
		Debug|x86 = Debug|x86
		Release|Any CPU = Release|Any CPU
		Release|ARM = Release|ARM
		Release|iPhone = Release|iPhone
		Release|iPhoneSimulator = Release|iPhoneSimulator
		Release|x64 = Release|x64
		Release|x86 = Release|x86
	EndGlobalSection
	GlobalSection(ProjectConfigurationPlatforms) = postSolution
		{3F82C610-82D7-4057-AEFB-508972F00525}.Ad-Hoc|Any CPU.ActiveCfg = Release|Any CPU
		{3F82C610-82D7-4057-AEFB-508972F00525}.Ad-Hoc|Any CPU.Build.0 = Release|Any CPU
		{3F82C610-82D7-4057-AEFB-508972F00525}.Ad-Hoc|Any CPU.Deploy.0 = Release|Any CPU
		{3F82C610-82D7-4057-AEFB-508972F00525}.Ad-Hoc|ARM.ActiveCfg = Release|Any CPU
		{3F82C610-82D7-4057-AEFB-508972F00525}.Ad-Hoc|ARM.Build.0 = Release|Any CPU
		{3F82C610-82D7-4057-AEFB-508972F00525}.Ad-Hoc|ARM.Deploy.0 = Release|Any CPU
		{3F82C610-82D7-4057-AEFB-508972F00525}.Ad-Hoc|iPhone.ActiveCfg = Release|Any CPU
		{3F82C610-82D7-4057-AEFB-508972F00525}.Ad-Hoc|iPhone.Build.0 = Release|Any CPU
		{3F82C610-82D7-4057-AEFB-508972F00525}.Ad-Hoc|iPhone.Deploy.0 = Release|Any CPU
		{3F82C610-82D7-4057-AEFB-508972F00525}.Ad-Hoc|iPhoneSimulator.ActiveCfg = Release|Any CPU
		{3F82C610-82D7-4057-AEFB-508972F00525}.Ad-Hoc|iPhoneSimulator.Build.0 = Release|Any CPU
		{3F82C610-82D7-4057-AEFB-508972F00525}.Ad-Hoc|iPhoneSimulator.Deploy.0 = Release|Any CPU
		{3F82C610-82D7-4057-AEFB-508972F00525}.Ad-Hoc|x64.ActiveCfg = Release|Any CPU
		{3F82C610-82D7-4057-AEFB-508972F00525}.Ad-Hoc|x64.Build.0 = Release|Any CPU
		{3F82C610-82D7-4057-AEFB-508972F00525}.Ad-Hoc|x64.Deploy.0 = Release|Any CPU
		{3F82C610-82D7-4057-AEFB-508972F00525}.Ad-Hoc|x86.ActiveCfg = Release|Any CPU
		{3F82C610-82D7-4057-AEFB-508972F00525}.Ad-Hoc|x86.Build.0 = Release|Any CPU
		{3F82C610-82D7-4057-AEFB-508972F00525}.Ad-Hoc|x86.Deploy.0 = Release|Any CPU
		{3F82C610-82D7-4057-AEFB-508972F00525}.AppStore|Any CPU.ActiveCfg = Release|Any CPU
		{3F82C610-82D7-4057-AEFB-508972F00525}.AppStore|Any CPU.Build.0 = Release|Any CPU
		{3F82C610-82D7-4057-AEFB-508972F00525}.AppStore|Any CPU.Deploy.0 = Release|Any CPU
		{3F82C610-82D7-4057-AEFB-508972F00525}.AppStore|ARM.ActiveCfg = Release|Any CPU
		{3F82C610-82D7-4057-AEFB-508972F00525}.AppStore|ARM.Build.0 = Release|Any CPU
		{3F82C610-82D7-4057-AEFB-508972F00525}.AppStore|ARM.Deploy.0 = Release|Any CPU
		{3F82C610-82D7-4057-AEFB-508972F00525}.AppStore|iPhone.ActiveCfg = Release|Any CPU
		{3F82C610-82D7-4057-AEFB-508972F00525}.AppStore|iPhone.Build.0 = Release|Any CPU
		{3F82C610-82D7-4057-AEFB-508972F00525}.AppStore|iPhone.Deploy.0 = Release|Any CPU
		{3F82C610-82D7-4057-AEFB-508972F00525}.AppStore|iPhoneSimulator.ActiveCfg = Release|Any CPU
		{3F82C610-82D7-4057-AEFB-508972F00525}.AppStore|iPhoneSimulator.Build.0 = Release|Any CPU
		{3F82C610-82D7-4057-AEFB-508972F00525}.AppStore|iPhoneSimulator.Deploy.0 = Release|Any CPU
		{3F82C610-82D7-4057-AEFB-508972F00525}.AppStore|x64.ActiveCfg = Release|Any CPU
		{3F82C610-82D7-4057-AEFB-508972F00525}.AppStore|x64.Build.0 = Release|Any CPU
		{3F82C610-82D7-4057-AEFB-508972F00525}.AppStore|x64.Deploy.0 = Release|Any CPU
		{3F82C610-82D7-4057-AEFB-508972F00525}.AppStore|x86.ActiveCfg = Release|Any CPU
		{3F82C610-82D7-4057-AEFB-508972F00525}.AppStore|x86.Build.0 = Release|Any CPU
		{3F82C610-82D7-4057-AEFB-508972F00525}.AppStore|x86.Deploy.0 = Release|Any CPU
		{3F82C610-82D7-4057-AEFB-508972F00525}.Debug|Any CPU.ActiveCfg = Debug|Any CPU
		{3F82C610-82D7-4057-AEFB-508972F00525}.Debug|Any CPU.Build.0 = Debug|Any CPU
		{3F82C610-82D7-4057-AEFB-508972F00525}.Debug|Any CPU.Deploy.0 = Debug|Any CPU
		{3F82C610-82D7-4057-AEFB-508972F00525}.Debug|ARM.ActiveCfg = Debug|Any CPU
		{3F82C610-82D7-4057-AEFB-508972F00525}.Debug|ARM.Build.0 = Debug|Any CPU
		{3F82C610-82D7-4057-AEFB-508972F00525}.Debug|ARM.Deploy.0 = Debug|Any CPU
		{3F82C610-82D7-4057-AEFB-508972F00525}.Debug|iPhone.ActiveCfg = Debug|Any CPU
		{3F82C610-82D7-4057-AEFB-508972F00525}.Debug|iPhone.Build.0 = Debug|Any CPU
		{3F82C610-82D7-4057-AEFB-508972F00525}.Debug|iPhone.Deploy.0 = Debug|Any CPU
		{3F82C610-82D7-4057-AEFB-508972F00525}.Debug|iPhoneSimulator.ActiveCfg = Debug|Any CPU
		{3F82C610-82D7-4057-AEFB-508972F00525}.Debug|iPhoneSimulator.Build.0 = Debug|Any CPU
		{3F82C610-82D7-4057-AEFB-508972F00525}.Debug|iPhoneSimulator.Deploy.0 = Debug|Any CPU
		{3F82C610-82D7-4057-AEFB-508972F00525}.Debug|x64.ActiveCfg = Debug|Any CPU
		{3F82C610-82D7-4057-AEFB-508972F00525}.Debug|x64.Build.0 = Debug|Any CPU
		{3F82C610-82D7-4057-AEFB-508972F00525}.Debug|x64.Deploy.0 = Debug|Any CPU
		{3F82C610-82D7-4057-AEFB-508972F00525}.Debug|x86.ActiveCfg = Debug|Any CPU
		{3F82C610-82D7-4057-AEFB-508972F00525}.Debug|x86.Build.0 = Debug|Any CPU
		{3F82C610-82D7-4057-AEFB-508972F00525}.Debug|x86.Deploy.0 = Debug|Any CPU
		{3F82C610-82D7-4057-AEFB-508972F00525}.Release|Any CPU.ActiveCfg = Release|Any CPU
		{3F82C610-82D7-4057-AEFB-508972F00525}.Release|Any CPU.Build.0 = Release|Any CPU
		{3F82C610-82D7-4057-AEFB-508972F00525}.Release|Any CPU.Deploy.0 = Release|Any CPU
		{3F82C610-82D7-4057-AEFB-508972F00525}.Release|ARM.ActiveCfg = Release|Any CPU
		{3F82C610-82D7-4057-AEFB-508972F00525}.Release|ARM.Build.0 = Release|Any CPU
		{3F82C610-82D7-4057-AEFB-508972F00525}.Release|ARM.Deploy.0 = Release|Any CPU
		{3F82C610-82D7-4057-AEFB-508972F00525}.Release|iPhone.ActiveCfg = Release|Any CPU
		{3F82C610-82D7-4057-AEFB-508972F00525}.Release|iPhone.Build.0 = Release|Any CPU
		{3F82C610-82D7-4057-AEFB-508972F00525}.Release|iPhone.Deploy.0 = Release|Any CPU
		{3F82C610-82D7-4057-AEFB-508972F00525}.Release|iPhoneSimulator.ActiveCfg = Release|Any CPU
		{3F82C610-82D7-4057-AEFB-508972F00525}.Release|iPhoneSimulator.Build.0 = Release|Any CPU
		{3F82C610-82D7-4057-AEFB-508972F00525}.Release|iPhoneSimulator.Deploy.0 = Release|Any CPU
		{3F82C610-82D7-4057-AEFB-508972F00525}.Release|x64.ActiveCfg = Release|Any CPU
		{3F82C610-82D7-4057-AEFB-508972F00525}.Release|x64.Build.0 = Release|Any CPU
		{3F82C610-82D7-4057-AEFB-508972F00525}.Release|x64.Deploy.0 = Release|Any CPU
		{3F82C610-82D7-4057-AEFB-508972F00525}.Release|x86.ActiveCfg = Release|Any CPU
		{3F82C610-82D7-4057-AEFB-508972F00525}.Release|x86.Build.0 = Release|Any CPU
		{3F82C610-82D7-4057-AEFB-508972F00525}.Release|x86.Deploy.0 = Release|Any CPU
		{69B15A8D-53BC-4850-A9D0-9AEAFE721515}.Ad-Hoc|Any CPU.ActiveCfg = Ad-Hoc|iPhone
		{69B15A8D-53BC-4850-A9D0-9AEAFE721515}.Ad-Hoc|ARM.ActiveCfg = Ad-Hoc|iPhone
		{69B15A8D-53BC-4850-A9D0-9AEAFE721515}.Ad-Hoc|iPhone.ActiveCfg = Ad-Hoc|iPhone
		{69B15A8D-53BC-4850-A9D0-9AEAFE721515}.Ad-Hoc|iPhone.Build.0 = Ad-Hoc|iPhone
		{69B15A8D-53BC-4850-A9D0-9AEAFE721515}.Ad-Hoc|iPhoneSimulator.ActiveCfg = Ad-Hoc|iPhoneSimulator
		{69B15A8D-53BC-4850-A9D0-9AEAFE721515}.Ad-Hoc|iPhoneSimulator.Build.0 = Ad-Hoc|iPhoneSimulator
		{69B15A8D-53BC-4850-A9D0-9AEAFE721515}.Ad-Hoc|x64.ActiveCfg = Ad-Hoc|iPhone
		{69B15A8D-53BC-4850-A9D0-9AEAFE721515}.Ad-Hoc|x86.ActiveCfg = Ad-Hoc|iPhone
		{69B15A8D-53BC-4850-A9D0-9AEAFE721515}.AppStore|Any CPU.ActiveCfg = AppStore|iPhone
		{69B15A8D-53BC-4850-A9D0-9AEAFE721515}.AppStore|ARM.ActiveCfg = AppStore|iPhone
		{69B15A8D-53BC-4850-A9D0-9AEAFE721515}.AppStore|iPhone.ActiveCfg = AppStore|iPhone
		{69B15A8D-53BC-4850-A9D0-9AEAFE721515}.AppStore|iPhone.Build.0 = AppStore|iPhone
		{69B15A8D-53BC-4850-A9D0-9AEAFE721515}.AppStore|iPhoneSimulator.ActiveCfg = AppStore|iPhoneSimulator
		{69B15A8D-53BC-4850-A9D0-9AEAFE721515}.AppStore|iPhoneSimulator.Build.0 = AppStore|iPhoneSimulator
		{69B15A8D-53BC-4850-A9D0-9AEAFE721515}.AppStore|x64.ActiveCfg = AppStore|iPhone
		{69B15A8D-53BC-4850-A9D0-9AEAFE721515}.AppStore|x86.ActiveCfg = AppStore|iPhone
		{69B15A8D-53BC-4850-A9D0-9AEAFE721515}.Debug|Any CPU.ActiveCfg = Debug|iPhone
		{69B15A8D-53BC-4850-A9D0-9AEAFE721515}.Debug|ARM.ActiveCfg = Debug|iPhone
		{69B15A8D-53BC-4850-A9D0-9AEAFE721515}.Debug|iPhone.ActiveCfg = Debug|iPhone
		{69B15A8D-53BC-4850-A9D0-9AEAFE721515}.Debug|iPhone.Build.0 = Debug|iPhone
		{69B15A8D-53BC-4850-A9D0-9AEAFE721515}.Debug|iPhoneSimulator.ActiveCfg = Debug|iPhoneSimulator
		{69B15A8D-53BC-4850-A9D0-9AEAFE721515}.Debug|iPhoneSimulator.Build.0 = Debug|iPhoneSimulator
		{69B15A8D-53BC-4850-A9D0-9AEAFE721515}.Debug|x64.ActiveCfg = Debug|iPhone
		{69B15A8D-53BC-4850-A9D0-9AEAFE721515}.Debug|x86.ActiveCfg = Debug|iPhone
		{69B15A8D-53BC-4850-A9D0-9AEAFE721515}.Release|Any CPU.ActiveCfg = Release|iPhone
		{69B15A8D-53BC-4850-A9D0-9AEAFE721515}.Release|ARM.ActiveCfg = Release|iPhone
		{69B15A8D-53BC-4850-A9D0-9AEAFE721515}.Release|iPhone.ActiveCfg = Release|iPhone
		{69B15A8D-53BC-4850-A9D0-9AEAFE721515}.Release|iPhone.Build.0 = Release|iPhone
		{69B15A8D-53BC-4850-A9D0-9AEAFE721515}.Release|iPhoneSimulator.ActiveCfg = Release|iPhoneSimulator
		{69B15A8D-53BC-4850-A9D0-9AEAFE721515}.Release|iPhoneSimulator.Build.0 = Release|iPhoneSimulator
		{69B15A8D-53BC-4850-A9D0-9AEAFE721515}.Release|x64.ActiveCfg = Release|iPhone
		{69B15A8D-53BC-4850-A9D0-9AEAFE721515}.Release|x86.ActiveCfg = Release|iPhone
		{92EDF850-D647-4A3C-82BA-FA2C8AEF246F}.Ad-Hoc|Any CPU.ActiveCfg = Release|x86
		{92EDF850-D647-4A3C-82BA-FA2C8AEF246F}.Ad-Hoc|Any CPU.Build.0 = Release|x86
		{92EDF850-D647-4A3C-82BA-FA2C8AEF246F}.Ad-Hoc|Any CPU.Deploy.0 = Release|x86
		{92EDF850-D647-4A3C-82BA-FA2C8AEF246F}.Ad-Hoc|ARM.ActiveCfg = Release|ARM
		{92EDF850-D647-4A3C-82BA-FA2C8AEF246F}.Ad-Hoc|ARM.Build.0 = Release|ARM
		{92EDF850-D647-4A3C-82BA-FA2C8AEF246F}.Ad-Hoc|ARM.Deploy.0 = Release|ARM
		{92EDF850-D647-4A3C-82BA-FA2C8AEF246F}.Ad-Hoc|iPhone.ActiveCfg = Release|x86
		{92EDF850-D647-4A3C-82BA-FA2C8AEF246F}.Ad-Hoc|iPhone.Build.0 = Release|x86
		{92EDF850-D647-4A3C-82BA-FA2C8AEF246F}.Ad-Hoc|iPhone.Deploy.0 = Release|x86
		{92EDF850-D647-4A3C-82BA-FA2C8AEF246F}.Ad-Hoc|iPhoneSimulator.ActiveCfg = Release|x86
		{92EDF850-D647-4A3C-82BA-FA2C8AEF246F}.Ad-Hoc|iPhoneSimulator.Build.0 = Release|x86
		{92EDF850-D647-4A3C-82BA-FA2C8AEF246F}.Ad-Hoc|iPhoneSimulator.Deploy.0 = Release|x86
		{92EDF850-D647-4A3C-82BA-FA2C8AEF246F}.Ad-Hoc|x64.ActiveCfg = Release|x64
		{92EDF850-D647-4A3C-82BA-FA2C8AEF246F}.Ad-Hoc|x64.Build.0 = Release|x64
		{92EDF850-D647-4A3C-82BA-FA2C8AEF246F}.Ad-Hoc|x64.Deploy.0 = Release|x64
		{92EDF850-D647-4A3C-82BA-FA2C8AEF246F}.Ad-Hoc|x86.ActiveCfg = Release|x86
		{92EDF850-D647-4A3C-82BA-FA2C8AEF246F}.Ad-Hoc|x86.Build.0 = Release|x86
		{92EDF850-D647-4A3C-82BA-FA2C8AEF246F}.Ad-Hoc|x86.Deploy.0 = Release|x86
		{92EDF850-D647-4A3C-82BA-FA2C8AEF246F}.AppStore|Any CPU.ActiveCfg = Release|x86
		{92EDF850-D647-4A3C-82BA-FA2C8AEF246F}.AppStore|Any CPU.Build.0 = Release|x86
		{92EDF850-D647-4A3C-82BA-FA2C8AEF246F}.AppStore|Any CPU.Deploy.0 = Release|x86
		{92EDF850-D647-4A3C-82BA-FA2C8AEF246F}.AppStore|ARM.ActiveCfg = Release|ARM
		{92EDF850-D647-4A3C-82BA-FA2C8AEF246F}.AppStore|ARM.Build.0 = Release|ARM
		{92EDF850-D647-4A3C-82BA-FA2C8AEF246F}.AppStore|ARM.Deploy.0 = Release|ARM
		{92EDF850-D647-4A3C-82BA-FA2C8AEF246F}.AppStore|iPhone.ActiveCfg = Release|x86
		{92EDF850-D647-4A3C-82BA-FA2C8AEF246F}.AppStore|iPhone.Build.0 = Release|x86
		{92EDF850-D647-4A3C-82BA-FA2C8AEF246F}.AppStore|iPhone.Deploy.0 = Release|x86
		{92EDF850-D647-4A3C-82BA-FA2C8AEF246F}.AppStore|iPhoneSimulator.ActiveCfg = Release|x86
		{92EDF850-D647-4A3C-82BA-FA2C8AEF246F}.AppStore|iPhoneSimulator.Build.0 = Release|x86
		{92EDF850-D647-4A3C-82BA-FA2C8AEF246F}.AppStore|iPhoneSimulator.Deploy.0 = Release|x86
		{92EDF850-D647-4A3C-82BA-FA2C8AEF246F}.AppStore|x64.ActiveCfg = Release|x64
		{92EDF850-D647-4A3C-82BA-FA2C8AEF246F}.AppStore|x64.Build.0 = Release|x64
		{92EDF850-D647-4A3C-82BA-FA2C8AEF246F}.AppStore|x64.Deploy.0 = Release|x64
		{92EDF850-D647-4A3C-82BA-FA2C8AEF246F}.AppStore|x86.ActiveCfg = Release|x86
		{92EDF850-D647-4A3C-82BA-FA2C8AEF246F}.AppStore|x86.Build.0 = Release|x86
		{92EDF850-D647-4A3C-82BA-FA2C8AEF246F}.AppStore|x86.Deploy.0 = Release|x86
		{92EDF850-D647-4A3C-82BA-FA2C8AEF246F}.Debug|Any CPU.ActiveCfg = Debug|x86
		{92EDF850-D647-4A3C-82BA-FA2C8AEF246F}.Debug|ARM.ActiveCfg = Debug|ARM
		{92EDF850-D647-4A3C-82BA-FA2C8AEF246F}.Debug|ARM.Build.0 = Debug|ARM
		{92EDF850-D647-4A3C-82BA-FA2C8AEF246F}.Debug|ARM.Deploy.0 = Debug|ARM
		{92EDF850-D647-4A3C-82BA-FA2C8AEF246F}.Debug|iPhone.ActiveCfg = Debug|x86
		{92EDF850-D647-4A3C-82BA-FA2C8AEF246F}.Debug|iPhoneSimulator.ActiveCfg = Debug|x86
		{92EDF850-D647-4A3C-82BA-FA2C8AEF246F}.Debug|x64.ActiveCfg = Debug|x64
		{92EDF850-D647-4A3C-82BA-FA2C8AEF246F}.Debug|x64.Build.0 = Debug|x64
		{92EDF850-D647-4A3C-82BA-FA2C8AEF246F}.Debug|x64.Deploy.0 = Debug|x64
		{92EDF850-D647-4A3C-82BA-FA2C8AEF246F}.Debug|x86.ActiveCfg = Debug|x86
		{92EDF850-D647-4A3C-82BA-FA2C8AEF246F}.Debug|x86.Build.0 = Debug|x86
		{92EDF850-D647-4A3C-82BA-FA2C8AEF246F}.Debug|x86.Deploy.0 = Debug|x86
		{92EDF850-D647-4A3C-82BA-FA2C8AEF246F}.Release|Any CPU.ActiveCfg = Release|x86
		{92EDF850-D647-4A3C-82BA-FA2C8AEF246F}.Release|ARM.ActiveCfg = Release|ARM
		{92EDF850-D647-4A3C-82BA-FA2C8AEF246F}.Release|ARM.Build.0 = Release|ARM
		{92EDF850-D647-4A3C-82BA-FA2C8AEF246F}.Release|ARM.Deploy.0 = Release|ARM
		{92EDF850-D647-4A3C-82BA-FA2C8AEF246F}.Release|iPhone.ActiveCfg = Release|x86
		{92EDF850-D647-4A3C-82BA-FA2C8AEF246F}.Release|iPhoneSimulator.ActiveCfg = Release|x86
		{92EDF850-D647-4A3C-82BA-FA2C8AEF246F}.Release|x64.ActiveCfg = Release|x64
		{92EDF850-D647-4A3C-82BA-FA2C8AEF246F}.Release|x64.Build.0 = Release|x64
		{92EDF850-D647-4A3C-82BA-FA2C8AEF246F}.Release|x64.Deploy.0 = Release|x64
		{92EDF850-D647-4A3C-82BA-FA2C8AEF246F}.Release|x86.ActiveCfg = Release|x86
		{92EDF850-D647-4A3C-82BA-FA2C8AEF246F}.Release|x86.Build.0 = Release|x86
		{92EDF850-D647-4A3C-82BA-FA2C8AEF246F}.Release|x86.Deploy.0 = Release|x86
		{C539BD04-F4F3-4186-92A6-F89596F0BEAE}.Ad-Hoc|Any CPU.ActiveCfg = Debug|Any CPU
		{C539BD04-F4F3-4186-92A6-F89596F0BEAE}.Ad-Hoc|Any CPU.Build.0 = Debug|Any CPU
		{C539BD04-F4F3-4186-92A6-F89596F0BEAE}.Ad-Hoc|ARM.ActiveCfg = Debug|Any CPU
		{C539BD04-F4F3-4186-92A6-F89596F0BEAE}.Ad-Hoc|ARM.Build.0 = Debug|Any CPU
		{C539BD04-F4F3-4186-92A6-F89596F0BEAE}.Ad-Hoc|iPhone.ActiveCfg = Debug|Any CPU
		{C539BD04-F4F3-4186-92A6-F89596F0BEAE}.Ad-Hoc|iPhone.Build.0 = Debug|Any CPU
		{C539BD04-F4F3-4186-92A6-F89596F0BEAE}.Ad-Hoc|iPhoneSimulator.ActiveCfg = Debug|Any CPU
		{C539BD04-F4F3-4186-92A6-F89596F0BEAE}.Ad-Hoc|iPhoneSimulator.Build.0 = Debug|Any CPU
		{C539BD04-F4F3-4186-92A6-F89596F0BEAE}.Ad-Hoc|x64.ActiveCfg = Debug|Any CPU
		{C539BD04-F4F3-4186-92A6-F89596F0BEAE}.Ad-Hoc|x64.Build.0 = Debug|Any CPU
		{C539BD04-F4F3-4186-92A6-F89596F0BEAE}.Ad-Hoc|x86.ActiveCfg = Debug|Any CPU
		{C539BD04-F4F3-4186-92A6-F89596F0BEAE}.Ad-Hoc|x86.Build.0 = Debug|Any CPU
		{C539BD04-F4F3-4186-92A6-F89596F0BEAE}.AppStore|Any CPU.ActiveCfg = Debug|Any CPU
		{C539BD04-F4F3-4186-92A6-F89596F0BEAE}.AppStore|Any CPU.Build.0 = Debug|Any CPU
		{C539BD04-F4F3-4186-92A6-F89596F0BEAE}.AppStore|ARM.ActiveCfg = Debug|Any CPU
		{C539BD04-F4F3-4186-92A6-F89596F0BEAE}.AppStore|ARM.Build.0 = Debug|Any CPU
		{C539BD04-F4F3-4186-92A6-F89596F0BEAE}.AppStore|iPhone.ActiveCfg = Debug|Any CPU
		{C539BD04-F4F3-4186-92A6-F89596F0BEAE}.AppStore|iPhone.Build.0 = Debug|Any CPU
		{C539BD04-F4F3-4186-92A6-F89596F0BEAE}.AppStore|iPhoneSimulator.ActiveCfg = Debug|Any CPU
		{C539BD04-F4F3-4186-92A6-F89596F0BEAE}.AppStore|iPhoneSimulator.Build.0 = Debug|Any CPU
		{C539BD04-F4F3-4186-92A6-F89596F0BEAE}.AppStore|x64.ActiveCfg = Debug|Any CPU
		{C539BD04-F4F3-4186-92A6-F89596F0BEAE}.AppStore|x64.Build.0 = Debug|Any CPU
		{C539BD04-F4F3-4186-92A6-F89596F0BEAE}.AppStore|x86.ActiveCfg = Debug|Any CPU
		{C539BD04-F4F3-4186-92A6-F89596F0BEAE}.AppStore|x86.Build.0 = Debug|Any CPU
		{C539BD04-F4F3-4186-92A6-F89596F0BEAE}.Debug|Any CPU.ActiveCfg = Debug|Any CPU
		{C539BD04-F4F3-4186-92A6-F89596F0BEAE}.Debug|Any CPU.Build.0 = Debug|Any CPU
		{C539BD04-F4F3-4186-92A6-F89596F0BEAE}.Debug|ARM.ActiveCfg = Debug|Any CPU
		{C539BD04-F4F3-4186-92A6-F89596F0BEAE}.Debug|ARM.Build.0 = Debug|Any CPU
		{C539BD04-F4F3-4186-92A6-F89596F0BEAE}.Debug|iPhone.ActiveCfg = Debug|Any CPU
		{C539BD04-F4F3-4186-92A6-F89596F0BEAE}.Debug|iPhone.Build.0 = Debug|Any CPU
		{C539BD04-F4F3-4186-92A6-F89596F0BEAE}.Debug|iPhoneSimulator.ActiveCfg = Debug|Any CPU
		{C539BD04-F4F3-4186-92A6-F89596F0BEAE}.Debug|iPhoneSimulator.Build.0 = Debug|Any CPU
		{C539BD04-F4F3-4186-92A6-F89596F0BEAE}.Debug|x64.ActiveCfg = Debug|Any CPU
		{C539BD04-F4F3-4186-92A6-F89596F0BEAE}.Debug|x64.Build.0 = Debug|Any CPU
		{C539BD04-F4F3-4186-92A6-F89596F0BEAE}.Debug|x86.ActiveCfg = Debug|Any CPU
		{C539BD04-F4F3-4186-92A6-F89596F0BEAE}.Debug|x86.Build.0 = Debug|Any CPU
		{C539BD04-F4F3-4186-92A6-F89596F0BEAE}.Release|Any CPU.ActiveCfg = Release|Any CPU
		{C539BD04-F4F3-4186-92A6-F89596F0BEAE}.Release|Any CPU.Build.0 = Release|Any CPU
		{C539BD04-F4F3-4186-92A6-F89596F0BEAE}.Release|ARM.ActiveCfg = Release|Any CPU
		{C539BD04-F4F3-4186-92A6-F89596F0BEAE}.Release|ARM.Build.0 = Release|Any CPU
		{C539BD04-F4F3-4186-92A6-F89596F0BEAE}.Release|iPhone.ActiveCfg = Release|Any CPU
		{C539BD04-F4F3-4186-92A6-F89596F0BEAE}.Release|iPhone.Build.0 = Release|Any CPU
		{C539BD04-F4F3-4186-92A6-F89596F0BEAE}.Release|iPhoneSimulator.ActiveCfg = Release|Any CPU
		{C539BD04-F4F3-4186-92A6-F89596F0BEAE}.Release|iPhoneSimulator.Build.0 = Release|Any CPU
		{C539BD04-F4F3-4186-92A6-F89596F0BEAE}.Release|x64.ActiveCfg = Release|Any CPU
		{C539BD04-F4F3-4186-92A6-F89596F0BEAE}.Release|x64.Build.0 = Release|Any CPU
		{C539BD04-F4F3-4186-92A6-F89596F0BEAE}.Release|x86.ActiveCfg = Release|Any CPU
		{C539BD04-F4F3-4186-92A6-F89596F0BEAE}.Release|x86.Build.0 = Release|Any CPU
	EndGlobalSection
	GlobalSection(SolutionProperties) = preSolution
		HideSolutionNode = FALSE
	EndGlobalSection
	GlobalSection(ExtensibilityGlobals) = postSolution
		SolutionGuid = {DD6930DA-0798-4114-8AD3-95D1E55D4848}
	EndGlobalSection
EndGlobal
